
Microsoft Visual Studio Solution File, Format Version 12.00
# Visual Studio Version 16
VisualStudioVersion = 16.0.31702.278
MinimumVisualStudioVersion = 10.0.40219.1
Project("{9A19103F-16F7-4668-BE54-9A1E7A4F7556}") = "Excel2TextDiff", "Excel2TextDiff.csproj", "{95E742CA-CBB5-4B87-968D-C3F82F1EA2BA}"
EndProject
Global
	GlobalSection(SolutionConfigurationPlatforms) = preSolution
		Debug|Any CPU = Debug|Any CPU
		Release|Any CPU = Release|Any CPU
	EndGlobalSection
	GlobalSection(ProjectConfigurationPlatforms) = postSolution
		{95E742CA-CBB5-4B87-968D-C3F82F1EA2BA}.Debug|Any CPU.ActiveCfg = Debug|Any CPU
		{95E742CA-CBB5-4B87-968D-C3F82F1EA2BA}.Debug|Any CPU.Build.0 = Debug|Any CPU
		{95E742CA-CBB5-4B87-968D-C3F82F1EA2BA}.Release|Any CPU.ActiveCfg = Release|Any CPU
		{95E742CA-CBB5-4B87-968D-C3F82F1EA2BA}.Release|Any CPU.Build.0 = Release|Any CPU
	EndGlobalSection
	GlobalSection(SolutionProperties) = preSolution
		HideSolutionNode = FALSE
	EndGlobalSection
	GlobalSection(ExtensibilityGlobals) = postSolution
		SolutionGuid = {B761FE37-3592-45C9-919A-0EA4099214AF}
	EndGlobalSection
EndGlobal
